// !$*UTF8*$!
{
	archiveVersion = 1;
	classes = {
	};
	objectVersion = 56;
	objects = {

/* Begin PBXBuildFile section */
		E617F9D82B91B4DA00689F74 /* CharacterDetail.swift in Sources */ = {isa = PBXBuildFile; fileRef = E617F9D72B91B4DA00689F74 /* CharacterDetail.swift */; };
		E617F9DA2B91DA1300689F74 /* Character.swift in Sources */ = {isa = PBXBuildFile; fileRef = E617F9D92B91DA1300689F74 /* Character.swift */; };
		E617F9DC2B91DB3D00689F74 /* ExampleDataSource.swift in Sources */ = {isa = PBXBuildFile; fileRef = E617F9DB2B91DB3D00689F74 /* ExampleDataSource.swift */; };
		E617F9E12B92C9D200689F74 /* characterData.json in Resources */ = {isa = PBXBuildFile; fileRef = E617F9E02B92C9D200689F74 /* characterData.json */; };
		E617F9E62B92CB2000689F74 /* CharacterRow.swift in Sources */ = {isa = PBXBuildFile; fileRef = E617F9E52B92CB2000689F74 /* CharacterRow.swift */; };
		E617F9E82B92CD2F00689F74 /* CharacterList.swift in Sources */ = {isa = PBXBuildFile; fileRef = E617F9E72B92CD2F00689F74 /* CharacterList.swift */; };
		E617F9EA2B92D66700689F74 /* ContentView.swift in Sources */ = {isa = PBXBuildFile; fileRef = E617F9E92B92D66700689F74 /* ContentView.swift */; };
		E617F9EC2B98A43400689F74 /* FavoriteButton.swift in Sources */ = {isa = PBXBuildFile; fileRef = E617F9EB2B98A43400689F74 /* FavoriteButton.swift */; };
		E6382F1C2B9DED2F001B110A /* CharacterCategoryHome.swift in Sources */ = {isa = PBXBuildFile; fileRef = E6382F1B2B9DED2F001B110A /* CharacterCategoryHome.swift */; };
		E6382F1E2B9DF25F001B110A /* CharacterCategoryRow.swift in Sources */ = {isa = PBXBuildFile; fileRef = E6382F1D2B9DF25F001B110A /* CharacterCategoryRow.swift */; };
		E6382F202B9DF43E001B110A /* CharacterCategoryItem.swift in Sources */ = {isa = PBXBuildFile; fileRef = E6382F1F2B9DF43E001B110A /* CharacterCategoryItem.swift */; };
		E6D5F0E82B90963400126F6C /* CharacterifyApp.swift in Sources */ = {isa = PBXBuildFile; fileRef = E6D5F0E72B90963400126F6C /* CharacterifyApp.swift */; };
		E6D5F0EA2B90963400126F6C /* Splash.swift in Sources */ = {isa = PBXBuildFile; fileRef = E6D5F0E92B90963400126F6C /* Splash.swift */; };
		E6D5F0EC2B90963600126F6C /* Assets.xcassets in Resources */ = {isa = PBXBuildFile; fileRef = E6D5F0EB2B90963600126F6C /* Assets.xcassets */; };
		E6D5F0EF2B90963600126F6C /* Preview Assets.xcassets in Resources */ = {isa = PBXBuildFile; fileRef = E6D5F0EE2B90963600126F6C /* Preview Assets.xcassets */; };
		E6D5F0F92B90963600126F6C /* CharacterifyTests.swift in Sources */ = {isa = PBXBuildFile; fileRef = E6D5F0F82B90963600126F6C /* CharacterifyTests.swift */; };
		E6D5F1032B90963600126F6C /* CharacterifyUITests.swift in Sources */ = {isa = PBXBuildFile; fileRef = E6D5F1022B90963600126F6C /* CharacterifyUITests.swift */; };
		E6D5F1052B90963600126F6C /* CharacterifyUITestsLaunchTests.swift in Sources */ = {isa = PBXBuildFile; fileRef = E6D5F1042B90963600126F6C /* CharacterifyUITestsLaunchTests.swift */; };
/* End PBXBuildFile section */

/* Begin PBXContainerItemProxy section */
		E6D5F0F52B90963600126F6C /* PBXContainerItemProxy */ = {
			isa = PBXContainerItemProxy;
			containerPortal = E6D5F0DC2B90963400126F6C /* Project object */;
			proxyType = 1;
			remoteGlobalIDString = E6D5F0E32B90963400126F6C;
			remoteInfo = Characterify;
		};
		E6D5F0FF2B90963600126F6C /* PBXContainerItemProxy */ = {
			isa = PBXContainerItemProxy;
			containerPortal = E6D5F0DC2B90963400126F6C /* Project object */;
			proxyType = 1;
			remoteGlobalIDString = E6D5F0E32B90963400126F6C;
			remoteInfo = Characterify;
		};
/* End PBXContainerItemProxy section */

/* Begin PBXFileReference section */
		E617F9D72B91B4DA00689F74 /* CharacterDetail.swift */ = {isa = PBXFileReference; lastKnownFileType = sourcecode.swift; path = CharacterDetail.swift; sourceTree = "<group>"; };
		E617F9D92B91DA1300689F74 /* Character.swift */ = {isa = PBXFileReference; lastKnownFileType = sourcecode.swift; path = Character.swift; sourceTree = "<group>"; };
		E617F9DB2B91DB3D00689F74 /* ExampleDataSource.swift */ = {isa = PBXFileReference; lastKnownFileType = sourcecode.swift; path = ExampleDataSource.swift; sourceTree = "<group>"; };
		E617F9E02B92C9D200689F74 /* characterData.json */ = {isa = PBXFileReference; fileEncoding = 4; lastKnownFileType = text.json; path = characterData.json; sourceTree = "<group>"; };
		E617F9E52B92CB2000689F74 /* CharacterRow.swift */ = {isa = PBXFileReference; lastKnownFileType = sourcecode.swift; path = CharacterRow.swift; sourceTree = "<group>"; };
		E617F9E72B92CD2F00689F74 /* CharacterList.swift */ = {isa = PBXFileReference; lastKnownFileType = sourcecode.swift; path = CharacterList.swift; sourceTree = "<group>"; };
		E617F9E92B92D66700689F74 /* ContentView.swift */ = {isa = PBXFileReference; lastKnownFileType = sourcecode.swift; path = ContentView.swift; sourceTree = "<group>"; };
		E617F9EB2B98A43400689F74 /* FavoriteButton.swift */ = {isa = PBXFileReference; lastKnownFileType = sourcecode.swift; path = FavoriteButton.swift; sourceTree = "<group>"; };
		E6382F1B2B9DED2F001B110A /* CharacterCategoryHome.swift */ = {isa = PBXFileReference; lastKnownFileType = sourcecode.swift; path = CharacterCategoryHome.swift; sourceTree = "<group>"; };
		E6382F1D2B9DF25F001B110A /* CharacterCategoryRow.swift */ = {isa = PBXFileReference; lastKnownFileType = sourcecode.swift; path = CharacterCategoryRow.swift; sourceTree = "<group>"; };
		E6382F1F2B9DF43E001B110A /* CharacterCategoryItem.swift */ = {isa = PBXFileReference; lastKnownFileType = sourcecode.swift; path = CharacterCategoryItem.swift; sourceTree = "<group>"; };
		E6D5F0E42B90963400126F6C /* Characterify.app */ = {isa = PBXFileReference; explicitFileType = wrapper.application; includeInIndex = 0; path = Characterify.app; sourceTree = BUILT_PRODUCTS_DIR; };
		E6D5F0E72B90963400126F6C /* CharacterifyApp.swift */ = {isa = PBXFileReference; lastKnownFileType = sourcecode.swift; path = CharacterifyApp.swift; sourceTree = "<group>"; };
		E6D5F0E92B90963400126F6C /* Splash.swift */ = {isa = PBXFileReference; lastKnownFileType = sourcecode.swift; path = Splash.swift; sourceTree = "<group>"; };
		E6D5F0EB2B90963600126F6C /* Assets.xcassets */ = {isa = PBXFileReference; lastKnownFileType = folder.assetcatalog; path = Assets.xcassets; sourceTree = "<group>"; };
		E6D5F0EE2B90963600126F6C /* Preview Assets.xcassets */ = {isa = PBXFileReference; lastKnownFileType = folder.assetcatalog; path = "Preview Assets.xcassets"; sourceTree = "<group>"; };
		E6D5F0F42B90963600126F6C /* CharacterifyTests.xctest */ = {isa = PBXFileReference; explicitFileType = wrapper.cfbundle; includeInIndex = 0; path = CharacterifyTests.xctest; sourceTree = BUILT_PRODUCTS_DIR; };
		E6D5F0F82B90963600126F6C /* CharacterifyTests.swift */ = {isa = PBXFileReference; lastKnownFileType = sourcecode.swift; path = CharacterifyTests.swift; sourceTree = "<group>"; };
		E6D5F0FE2B90963600126F6C /* CharacterifyUITests.xctest */ = {isa = PBXFileReference; explicitFileType = wrapper.cfbundle; includeInIndex = 0; path = CharacterifyUITests.xctest; sourceTree = BUILT_PRODUCTS_DIR; };
		E6D5F1022B90963600126F6C /* CharacterifyUITests.swift */ = {isa = PBXFileReference; lastKnownFileType = sourcecode.swift; path = CharacterifyUITests.swift; sourceTree = "<group>"; };
		E6D5F1042B90963600126F6C /* CharacterifyUITestsLaunchTests.swift */ = {isa = PBXFileReference; lastKnownFileType = sourcecode.swift; path = CharacterifyUITestsLaunchTests.swift; sourceTree = "<group>"; };
/* End PBXFileReference section */

/* Begin PBXFrameworksBuildPhase section */
		E6D5F0E12B90963400126F6C /* Frameworks */ = {
			isa = PBXFrameworksBuildPhase;
			buildActionMask = 2147483647;
			files = (
			);
			runOnlyForDeploymentPostprocessing = 0;
		};
		E6D5F0F12B90963600126F6C /* Frameworks */ = {
			isa = PBXFrameworksBuildPhase;
			buildActionMask = 2147483647;
			files = (
			);
			runOnlyForDeploymentPostprocessing = 0;
		};
		E6D5F0FB2B90963600126F6C /* Frameworks */ = {
			isa = PBXFrameworksBuildPhase;
			buildActionMask = 2147483647;
			files = (
			);
			runOnlyForDeploymentPostprocessing = 0;
		};
/* End PBXFrameworksBuildPhase section */

/* Begin PBXGroup section */
		E617F9E22B92CA6400689F74 /* Views */ = {
			isa = PBXGroup;
			children = (
				E617F9D72B91B4DA00689F74 /* CharacterDetail.swift */,
				E6D5F0E92B90963400126F6C /* Splash.swift */,
				E617F9E52B92CB2000689F74 /* CharacterRow.swift */,
				E617F9E72B92CD2F00689F74 /* CharacterList.swift */,
				E617F9E92B92D66700689F74 /* ContentView.swift */,
				E617F9EB2B98A43400689F74 /* FavoriteButton.swift */,
				E6382F1B2B9DED2F001B110A /* CharacterCategoryHome.swift */,
				E6382F1D2B9DF25F001B110A /* CharacterCategoryRow.swift */,
				E6382F1F2B9DF43E001B110A /* CharacterCategoryItem.swift */,
			);
			path = Views;
			sourceTree = "<group>";
		};
		E617F9E32B92CA6D00689F74 /* Resources */ = {
			isa = PBXGroup;
			children = (
				E617F9E02B92C9D200689F74 /* characterData.json */,
			);
			name = Resources;
			path = Views/Resources;
			sourceTree = "<group>";
		};
		E617F9E42B92CAA300689F74 /* Model */ = {
			isa = PBXGroup;
			children = (
				E617F9DB2B91DB3D00689F74 /* ExampleDataSource.swift */,
				E617F9D92B91DA1300689F74 /* Character.swift */,
			);
			path = Model;
			sourceTree = "<group>";
		};
		E6D5F0DB2B90963400126F6C = {
			isa = PBXGroup;
			children = (
				E6D5F0E62B90963400126F6C /* Characterify */,
				E6D5F0F72B90963600126F6C /* CharacterifyTests */,
				E6D5F1012B90963600126F6C /* CharacterifyUITests */,
				E6D5F0E52B90963400126F6C /* Products */,
			);
			sourceTree = "<group>";
		};
		E6D5F0E52B90963400126F6C /* Products */ = {
			isa = PBXGroup;
			children = (
				E6D5F0E42B90963400126F6C /* Characterify.app */,
				E6D5F0F42B90963600126F6C /* CharacterifyTests.xctest */,
				E6D5F0FE2B90963600126F6C /* CharacterifyUITests.xctest */,
			);
			name = Products;
			sourceTree = "<group>";
		};
		E6D5F0E62B90963400126F6C /* Characterify */ = {
			isa = PBXGroup;
			children = (
				E617F9E42B92CAA300689F74 /* Model */,
				E617F9E32B92CA6D00689F74 /* Resources */,
				E6D5F0E72B90963400126F6C /* CharacterifyApp.swift */,
				E617F9E22B92CA6400689F74 /* Views */,
				E6D5F0EB2B90963600126F6C /* Assets.xcassets */,
				E6D5F0ED2B90963600126F6C /* Preview Content */,
			);
			path = Characterify;
			sourceTree = "<group>";
		};
		E6D5F0ED2B90963600126F6C /* Preview Content */ = {
			isa = PBXGroup;
			children = (
				E6D5F0EE2B90963600126F6C /* Preview Assets.xcassets */,
			);
			path = "Preview Content";
			sourceTree = "<group>";
		};
		E6D5F0F72B90963600126F6C /* CharacterifyTests */ = {
			isa = PBXGroup;
			children = (
				E6D5F0F82B90963600126F6C /* CharacterifyTests.swift */,
			);
			path = CharacterifyTests;
			sourceTree = "<group>";
		};
		E6D5F1012B90963600126F6C /* CharacterifyUITests */ = {
			isa = PBXGroup;
			children = (
				E6D5F1022B90963600126F6C /* CharacterifyUITests.swift */,
				E6D5F1042B90963600126F6C /* CharacterifyUITestsLaunchTests.swift */,
			);
			path = CharacterifyUITests;
			sourceTree = "<group>";
		};
/* End PBXGroup section */

/* Begin PBXNativeTarget section */
		E6D5F0E32B90963400126F6C /* Characterify */ = {
			isa = PBXNativeTarget;
			buildConfigurationList = E6D5F1082B90963600126F6C /* Build configuration list for PBXNativeTarget "Characterify" */;
			buildPhases = (
				E6D5F0E02B90963400126F6C /* Sources */,
				E6D5F0E12B90963400126F6C /* Frameworks */,
				E6D5F0E22B90963400126F6C /* Resources */,
			);
			buildRules = (
			);
			dependencies = (
			);
			name = Characterify;
			productName = Characterify;
			productReference = E6D5F0E42B90963400126F6C /* Characterify.app */;
			productType = "com.apple.product-type.application";
		};
		E6D5F0F32B90963600126F6C /* CharacterifyTests */ = {
			isa = PBXNativeTarget;
			buildConfigurationList = E6D5F10B2B90963600126F6C /* Build configuration list for PBXNativeTarget "CharacterifyTests" */;
			buildPhases = (
				E6D5F0F02B90963600126F6C /* Sources */,
				E6D5F0F12B90963600126F6C /* Frameworks */,
				E6D5F0F22B90963600126F6C /* Resources */,
			);
			buildRules = (
			);
			dependencies = (
				E6D5F0F62B90963600126F6C /* PBXTargetDependency */,
			);
			name = CharacterifyTests;
			productName = CharacterifyTests;
			productReference = E6D5F0F42B90963600126F6C /* CharacterifyTests.xctest */;
			productType = "com.apple.product-type.bundle.unit-test";
		};
		E6D5F0FD2B90963600126F6C /* CharacterifyUITests */ = {
			isa = PBXNativeTarget;
			buildConfigurationList = E6D5F10E2B90963600126F6C /* Build configuration list for PBXNativeTarget "CharacterifyUITests" */;
			buildPhases = (
				E6D5F0FA2B90963600126F6C /* Sources */,
				E6D5F0FB2B90963600126F6C /* Frameworks */,
				E6D5F0FC2B90963600126F6C /* Resources */,
			);
			buildRules = (
			);
			dependencies = (
				E6D5F1002B90963600126F6C /* PBXTargetDependency */,
			);
			name = CharacterifyUITests;
			productName = CharacterifyUITests;
			productReference = E6D5F0FE2B90963600126F6C /* CharacterifyUITests.xctest */;
			productType = "com.apple.product-type.bundle.ui-testing";
		};
/* End PBXNativeTarget section */

/* Begin PBXProject section */
		E6D5F0DC2B90963400126F6C /* Project object */ = {
			isa = PBXProject;
			attributes = {
				BuildIndependentTargetsInParallel = 1;
				LastSwiftUpdateCheck = 1520;
				LastUpgradeCheck = 1520;
				TargetAttributes = {
					E6D5F0E32B90963400126F6C = {
						CreatedOnToolsVersion = 15.2;
					};
					E6D5F0F32B90963600126F6C = {
						CreatedOnToolsVersion = 15.2;
						TestTargetID = E6D5F0E32B90963400126F6C;
					};
					E6D5F0FD2B90963600126F6C = {
						CreatedOnToolsVersion = 15.2;
						TestTargetID = E6D5F0E32B90963400126F6C;
					};
				};
			};
			buildConfigurationList = E6D5F0DF2B90963400126F6C /* Build configuration list for PBXProject "Characterify" */;
			compatibilityVersion = "Xcode 14.0";
			developmentRegion = en;
			hasScannedForEncodings = 0;
			knownRegions = (
				en,
				Base,
			);
			mainGroup = E6D5F0DB2B90963400126F6C;
			productRefGroup = E6D5F0E52B90963400126F6C /* Products */;
			projectDirPath = "";
			projectRoot = "";
			targets = (
				E6D5F0E32B90963400126F6C /* Characterify */,
				E6D5F0F32B90963600126F6C /* CharacterifyTests */,
				E6D5F0FD2B90963600126F6C /* CharacterifyUITests */,
			);
		};
/* End PBXProject section */

/* Begin PBXResourcesBuildPhase section */
		E6D5F0E22B90963400126F6C /* Resources */ = {
			isa = PBXResourcesBuildPhase;
			buildActionMask = 2147483647;
			files = (
				E6D5F0EF2B90963600126F6C /* Preview Assets.xcassets in Resources */,
				E6D5F0EC2B90963600126F6C /* Assets.xcassets in Resources */,
				E617F9E12B92C9D200689F74 /* characterData.json in Resources */,
			);
			runOnlyForDeploymentPostprocessing = 0;
		};
		E6D5F0F22B90963600126F6C /* Resources */ = {
			isa = PBXResourcesBuildPhase;
			buildActionMask = 2147483647;
			files = (
			);
			runOnlyForDeploymentPostprocessing = 0;
		};
		E6D5F0FC2B90963600126F6C /* Resources */ = {
			isa = PBXResourcesBuildPhase;
			buildActionMask = 2147483647;
			files = (
			);
			runOnlyForDeploymentPostprocessing = 0;
		};
/* End PBXResourcesBuildPhase section */

/* Begin PBXSourcesBuildPhase section */
		E6D5F0E02B90963400126F6C /* Sources */ = {
			isa = PBXSourcesBuildPhase;
			buildActionMask = 2147483647;
			files = (
				E6D5F0EA2B90963400126F6C /* Splash.swift in Sources */,
				E617F9E82B92CD2F00689F74 /* CharacterList.swift in Sources */,
				E6382F1E2B9DF25F001B110A /* CharacterCategoryRow.swift in Sources */,
				E617F9EC2B98A43400689F74 /* FavoriteButton.swift in Sources */,
				E617F9EA2B92D66700689F74 /* ContentView.swift in Sources */,
				E6382F1C2B9DED2F001B110A /* CharacterCategoryHome.swift in Sources */,
				E617F9DA2B91DA1300689F74 /* Character.swift in Sources */,
				E617F9DC2B91DB3D00689F74 /* ExampleDataSource.swift in Sources */,
				E6382F202B9DF43E001B110A /* CharacterCategoryItem.swift in Sources */,
				E6D5F0E82B90963400126F6C /* CharacterifyApp.swift in Sources */,
				E617F9E62B92CB2000689F74 /* CharacterRow.swift in Sources */,
				E617F9D82B91B4DA00689F74 /* CharacterDetail.swift in Sources */,
			);
			runOnlyForDeploymentPostprocessing = 0;
		};
		E6D5F0F02B90963600126F6C /* Sources */ = {
			isa = PBXSourcesBuildPhase;
			buildActionMask = 2147483647;
			files = (
				E6D5F0F92B90963600126F6C /* CharacterifyTests.swift in Sources */,
			);
			runOnlyForDeploymentPostprocessing = 0;
		};
		E6D5F0FA2B90963600126F6C /* Sources */ = {
			isa = PBXSourcesBuildPhase;
			buildActionMask = 2147483647;
			files = (
				E6D5F1032B90963600126F6C /* CharacterifyUITests.swift in Sources */,
				E6D5F1052B90963600126F6C /* CharacterifyUITestsLaunchTests.swift in Sources */,
			);
			runOnlyForDeploymentPostprocessing = 0;
		};
/* End PBXSourcesBuildPhase section */

/* Begin PBXTargetDependency section */
		E6D5F0F62B90963600126F6C /* PBXTargetDependency */ = {
			isa = PBXTargetDependency;
			target = E6D5F0E32B90963400126F6C /* Characterify */;
			targetProxy = E6D5F0F52B90963600126F6C /* PBXContainerItemProxy */;
		};
		E6D5F1002B90963600126F6C /* PBXTargetDependency */ = {
			isa = PBXTargetDependency;
			target = E6D5F0E32B90963400126F6C /* Characterify */;
			targetProxy = E6D5F0FF2B90963600126F6C /* PBXContainerItemProxy */;
		};
/* End PBXTargetDependency section */

/* Begin XCBuildConfiguration section */
		E6D5F1062B90963600126F6C /* Debug */ = {
			isa = XCBuildConfiguration;
			buildSettings = {
				ALWAYS_SEARCH_USER_PATHS = NO;
				ASSETCATALOG_COMPILER_GENERATE_SWIFT_ASSET_SYMBOL_EXTENSIONS = YES;
				CLANG_ANALYZER_NONNULL = YES;
				CLANG_ANALYZER_NUMBER_OBJECT_CONVERSION = YES_AGGRESSIVE;
				CLANG_CXX_LANGUAGE_STANDARD = "gnu++20";
				CLANG_ENABLE_MODULES = YES;
				CLANG_ENABLE_OBJC_ARC = YES;
				CLANG_ENABLE_OBJC_WEAK = YES;
				CLANG_WARN_BLOCK_CAPTURE_AUTORELEASING = YES;
				CLANG_WARN_BOOL_CONVERSION = YES;
				CLANG_WARN_COMMA = YES;
				CLANG_WARN_CONSTANT_CONVERSION = YES;
				CLANG_WARN_DEPRECATED_OBJC_IMPLEMENTATIONS = YES;
				CLANG_WARN_DIRECT_OBJC_ISA_USAGE = YES_ERROR;
				CLANG_WARN_DOCUMENTATION_COMMENTS = YES;
				CLANG_WARN_EMPTY_BODY = YES;
				CLANG_WARN_ENUM_CONVERSION = YES;
				CLANG_WARN_INFINITE_RECURSION = YES;
				CLANG_WARN_INT_CONVERSION = YES;
				CLANG_WARN_NON_LITERAL_NULL_CONVERSION = YES;
				CLANG_WARN_OBJC_IMPLICIT_RETAIN_SELF = YES;
				CLANG_WARN_OBJC_LITERAL_CONVERSION = YES;
				CLANG_WARN_OBJC_ROOT_CLASS = YES_ERROR;
				CLANG_WARN_QUOTED_INCLUDE_IN_FRAMEWORK_HEADER = YES;
				CLANG_WARN_RANGE_LOOP_ANALYSIS = YES;
				CLANG_WARN_STRICT_PROTOTYPES = YES;
				CLANG_WARN_SUSPICIOUS_MOVE = YES;
				CLANG_WARN_UNGUARDED_AVAILABILITY = YES_AGGRESSIVE;
				CLANG_WARN_UNREACHABLE_CODE = YES;
				CLANG_WARN__DUPLICATE_METHOD_MATCH = YES;
				COPY_PHASE_STRIP = NO;
				DEBUG_INFORMATION_FORMAT = dwarf;
				ENABLE_STRICT_OBJC_MSGSEND = YES;
				ENABLE_TESTABILITY = YES;
				ENABLE_USER_SCRIPT_SANDBOXING = YES;
				GCC_C_LANGUAGE_STANDARD = gnu17;
				GCC_DYNAMIC_NO_PIC = NO;
				GCC_NO_COMMON_BLOCKS = YES;
				GCC_OPTIMIZATION_LEVEL = 0;
				GCC_PREPROCESSOR_DEFINITIONS = (
					"DEBUG=1",
					"$(inherited)",
				);
				GCC_WARN_64_TO_32_BIT_CONVERSION = YES;
				GCC_WARN_ABOUT_RETURN_TYPE = YES_ERROR;
				GCC_WARN_UNDECLARED_SELECTOR = YES;
				GCC_WARN_UNINITIALIZED_AUTOS = YES_AGGRESSIVE;
				GCC_WARN_UNUSED_FUNCTION = YES;
				GCC_WARN_UNUSED_VARIABLE = YES;
				IPHONEOS_DEPLOYMENT_TARGET = 17.2;
				LOCALIZATION_PREFERS_STRING_CATALOGS = YES;
				MTL_ENABLE_DEBUG_INFO = INCLUDE_SOURCE;
				MTL_FAST_MATH = YES;
				ONLY_ACTIVE_ARCH = YES;
				SDKROOT = iphoneos;
				SWIFT_ACTIVE_COMPILATION_CONDITIONS = "DEBUG $(inherited)";
				SWIFT_OPTIMIZATION_LEVEL = "-Onone";
			};
			name = Debug;
		};
		E6D5F1072B90963600126F6C /* Release */ = {
			isa = XCBuildConfiguration;
			buildSettings = {
				ALWAYS_SEARCH_USER_PATHS = NO;
				ASSETCATALOG_COMPILER_GENERATE_SWIFT_ASSET_SYMBOL_EXTENSIONS = YES;
				CLANG_ANALYZER_NONNULL = YES;
				CLANG_ANALYZER_NUMBER_OBJECT_CONVERSION = YES_AGGRESSIVE;
				CLANG_CXX_LANGUAGE_STANDARD = "gnu++20";
				CLANG_ENABLE_MODULES = YES;
				CLANG_ENABLE_OBJC_ARC = YES;
				CLANG_ENABLE_OBJC_WEAK = YES;
				CLANG_WARN_BLOCK_CAPTURE_AUTORELEASING = YES;
				CLANG_WARN_BOOL_CONVERSION = YES;
				CLANG_WARN_COMMA = YES;
				CLANG_WARN_CONSTANT_CONVERSION = YES;
				CLANG_WARN_DEPRECATED_OBJC_IMPLEMENTATIONS = YES;
				CLANG_WARN_DIRECT_OBJC_ISA_USAGE = YES_ERROR;
				CLANG_WARN_DOCUMENTATION_COMMENTS = YES;
				CLANG_WARN_EMPTY_BODY = YES;
				CLANG_WARN_ENUM_CONVERSION = YES;
				CLANG_WARN_INFINITE_RECURSION = YES;
				CLANG_WARN_INT_CONVERSION = YES;
				CLANG_WARN_NON_LITERAL_NULL_CONVERSION = YES;
				CLANG_WARN_OBJC_IMPLICIT_RETAIN_SELF = YES;
				CLANG_WARN_OBJC_LITERAL_CONVERSION = YES;
				CLANG_WARN_OBJC_ROOT_CLASS = YES_ERROR;
				CLANG_WARN_QUOTED_INCLUDE_IN_FRAMEWORK_HEADER = YES;
				CLANG_WARN_RANGE_LOOP_ANALYSIS = YES;
				CLANG_WARN_STRICT_PROTOTYPES = YES;
				CLANG_WARN_SUSPICIOUS_MOVE = YES;
				CLANG_WARN_UNGUARDED_AVAILABILITY = YES_AGGRESSIVE;
				CLANG_WARN_UNREACHABLE_CODE = YES;
				CLANG_WARN__DUPLICATE_METHOD_MATCH = YES;
				COPY_PHASE_STRIP = NO;
				DEBUG_INFORMATION_FORMAT = "dwarf-with-dsym";
				ENABLE_NS_ASSERTIONS = NO;
				ENABLE_STRICT_OBJC_MSGSEND = YES;
				ENABLE_USER_SCRIPT_SANDBOXING = YES;
				GCC_C_LANGUAGE_STANDARD = gnu17;
				GCC_NO_COMMON_BLOCKS = YES;
				GCC_WARN_64_TO_32_BIT_CONVERSION = YES;
				GCC_WARN_ABOUT_RETURN_TYPE = YES_ERROR;
				GCC_WARN_UNDECLARED_SELECTOR = YES;
				GCC_WARN_UNINITIALIZED_AUTOS = YES_AGGRESSIVE;
				GCC_WARN_UNUSED_FUNCTION = YES;
				GCC_WARN_UNUSED_VARIABLE = YES;
				IPHONEOS_DEPLOYMENT_TARGET = 17.2;
				LOCALIZATION_PREFERS_STRING_CATALOGS = YES;
				MTL_ENABLE_DEBUG_INFO = NO;
				MTL_FAST_MATH = YES;
				SDKROOT = iphoneos;
				SWIFT_COMPILATION_MODE = wholemodule;
				VALIDATE_PRODUCT = YES;
			};
			name = Release;
		};
		E6D5F1092B90963600126F6C /* Debug */ = {
			isa = XCBuildConfiguration;
			buildSettings = {
				ASSETCATALOG_COMPILER_APPICON_NAME = AppIcon;
				ASSETCATALOG_COMPILER_GLOBAL_ACCENT_COLOR_NAME = AccentColor;
				CODE_SIGN_STYLE = Automatic;
				CURRENT_PROJECT_VERSION = 1;
				DEVELOPMENT_ASSET_PATHS = "\"Characterify/Preview Content\"";
				ENABLE_PREVIEWS = YES;
				GENERATE_INFOPLIST_FILE = YES;
				INFOPLIST_KEY_UIApplicationSceneManifest_Generation = YES;
				INFOPLIST_KEY_UIApplicationSupportsIndirectInputEvents = YES;
				INFOPLIST_KEY_UILaunchScreen_Generation = YES;
				INFOPLIST_KEY_UISupportedInterfaceOrientations_iPad = "UIInterfaceOrientationPortrait UIInterfaceOrientationPortraitUpsideDown UIInterfaceOrientationLandscapeLeft UIInterfaceOrientationLandscapeRight";
				INFOPLIST_KEY_UISupportedInterfaceOrientations_iPhone = "UIInterfaceOrientationPortrait UIInterfaceOrientationLandscapeLeft UIInterfaceOrientationLandscapeRight";
				LD_RUNPATH_SEARCH_PATHS = (
					"$(inherited)",
					"@executable_path/Frameworks",
				);
				MARKETING_VERSION = 1.0;
				PRODUCT_BUNDLE_IDENTIFIER = dev.bytebooster.Characterify;
				PRODUCT_NAME = "$(TARGET_NAME)";
				SWIFT_EMIT_LOC_STRINGS = YES;
				SWIFT_VERSION = 5.0;
				TARGETED_DEVICE_FAMILY = "1,2";
			};
			name = Debug;
		};
		E6D5F10A2B90963600126F6C /* Release */ = {
			isa = XCBuildConfiguration;
			buildSettings = {
				ASSETCATALOG_COMPILER_APPICON_NAME = AppIcon;
				ASSETCATALOG_COMPILER_GLOBAL_ACCENT_COLOR_NAME = AccentColor;
				CODE_SIGN_STYLE = Automatic;
				CURRENT_PROJECT_VERSION = 1;
				DEVELOPMENT_ASSET_PATHS = "\"Characterify/Preview Content\"";
				ENABLE_PREVIEWS = YES;
				GENERATE_INFOPLIST_FILE = YES;
				INFOPLIST_KEY_UIApplicationSceneManifest_Generation = YES;
				INFOPLIST_KEY_UIApplicationSupportsIndirectInputEvents = YES;
				INFOPLIST_KEY_UILaunchScreen_Generation = YES;
				INFOPLIST_KEY_UISupportedInterfaceOrientations_iPad = "UIInterfaceOrientationPortrait UIInterfaceOrientationPortraitUpsideDown UIInterfaceOrientationLandscapeLeft UIInterfaceOrientationLandscapeRight";
				INFOPLIST_KEY_UISupportedInterfaceOrientations_iPhone = "UIInterfaceOrientationPortrait UIInterfaceOrientationLandscapeLeft UIInterfaceOrientationLandscapeRight";
				LD_RUNPATH_SEARCH_PATHS = (
					"$(inherited)",
					"@executable_path/Frameworks",
				);
				MARKETING_VERSION = 1.0;
				PRODUCT_BUNDLE_IDENTIFIER = dev.bytebooster.Characterify;
				PRODUCT_NAME = "$(TARGET_NAME)";
				SWIFT_EMIT_LOC_STRINGS = YES;
				SWIFT_VERSION = 5.0;
				TARGETED_DEVICE_FAMILY = "1,2";
			};
			name = Release;
		};
		E6D5F10C2B90963600126F6C /* Debug */ = {
			isa = XCBuildConfiguration;
			buildSettings = {
				ALWAYS_EMBED_SWIFT_STANDARD_LIBRARIES = YES;
				BUNDLE_LOADER = "$(TEST_HOST)";
				CODE_SIGN_STYLE = Automatic;
				CURRENT_PROJECT_VERSION = 1;
				GENERATE_INFOPLIST_FILE = YES;
				IPHONEOS_DEPLOYMENT_TARGET = 17.2;
				MARKETING_VERSION = 1.0;
				PRODUCT_BUNDLE_IDENTIFIER = dev.bytebooster.CharacterifyTests;
				PRODUCT_NAME = "$(TARGET_NAME)";
				SWIFT_EMIT_LOC_STRINGS = NO;
				SWIFT_VERSION = 5.0;
				TARGETED_DEVICE_FAMILY = "1,2";
				TEST_HOST = "$(BUILT_PRODUCTS_DIR)/Characterify.app/$(BUNDLE_EXECUTABLE_FOLDER_PATH)/Characterify";
			};
			name = Debug;
		};
		E6D5F10D2B90963600126F6C /* Release */ = {
			isa = XCBuildConfiguration;
			buildSettings = {
				ALWAYS_EMBED_SWIFT_STANDARD_LIBRARIES = YES;
				BUNDLE_LOADER = "$(TEST_HOST)";
				CODE_SIGN_STYLE = Automatic;
				CURRENT_PROJECT_VERSION = 1;
				GENERATE_INFOPLIST_FILE = YES;
				IPHONEOS_DEPLOYMENT_TARGET = 17.2;
				MARKETING_VERSION = 1.0;
				PRODUCT_BUNDLE_IDENTIFIER = dev.bytebooster.CharacterifyTests;
				PRODUCT_NAME = "$(TARGET_NAME)";
				SWIFT_EMIT_LOC_STRINGS = NO;
				SWIFT_VERSION = 5.0;
				TARGETED_DEVICE_FAMILY = "1,2";
				TEST_HOST = "$(BUILT_PRODUCTS_DIR)/Characterify.app/$(BUNDLE_EXECUTABLE_FOLDER_PATH)/Characterify";
			};
			name = Release;
		};
		E6D5F10F2B90963600126F6C /* Debug */ = {
			isa = XCBuildConfiguration;
			buildSettings = {
				ALWAYS_EMBED_SWIFT_STANDARD_LIBRARIES = YES;
				CODE_SIGN_STYLE = Automatic;
				CURRENT_PROJECT_VERSION = 1;
				GENERATE_INFOPLIST_FILE = YES;
				MARKETING_VERSION = 1.0;
				PRODUCT_BUNDLE_IDENTIFIER = dev.bytebooster.CharacterifyUITests;
				PRODUCT_NAME = "$(TARGET_NAME)";
				SWIFT_EMIT_LOC_STRINGS = NO;
				SWIFT_VERSION = 5.0;
				TARGETED_DEVICE_FAMILY = "1,2";
				TEST_TARGET_NAME = Characterify;
			};
			name = Debug;
		};
		E6D5F1102B90963600126F6C /* Release */ = {
			isa = XCBuildConfiguration;
			buildSettings = {
				ALWAYS_EMBED_SWIFT_STANDARD_LIBRARIES = YES;
				CODE_SIGN_STYLE = Automatic;
				CURRENT_PROJECT_VERSION = 1;
				GENERATE_INFOPLIST_FILE = YES;
				MARKETING_VERSION = 1.0;
				PRODUCT_BUNDLE_IDENTIFIER = dev.bytebooster.CharacterifyUITests;
				PRODUCT_NAME = "$(TARGET_NAME)";
				SWIFT_EMIT_LOC_STRINGS = NO;
				SWIFT_VERSION = 5.0;
				TARGETED_DEVICE_FAMILY = "1,2";
				TEST_TARGET_NAME = Characterify;
			};
			name = Release;
		};
/* End XCBuildConfiguration section */

/* Begin XCConfigurationList section */
		E6D5F0DF2B90963400126F6C /* Build configuration list for PBXProject "Characterify" */ = {
			isa = XCConfigurationList;
			buildConfigurations = (
				E6D5F1062B90963600126F6C /* Debug */,
				E6D5F1072B90963600126F6C /* Release */,
			);
			defaultConfigurationIsVisible = 0;
			defaultConfigurationName = Release;
		};
		E6D5F1082B90963600126F6C /* Build configuration list for PBXNativeTarget "Characterify" */ = {
			isa = XCConfigurationList;
			buildConfigurations = (
				E6D5F1092B90963600126F6C /* Debug */,
				E6D5F10A2B90963600126F6C /* Release */,
			);
			defaultConfigurationIsVisible = 0;
			defaultConfigurationName = Release;
		};
		E6D5F10B2B90963600126F6C /* Build configuration list for PBXNativeTarget "CharacterifyTests" */ = {
			isa = XCConfigurationList;
			buildConfigurations = (
				E6D5F10C2B90963600126F6C /* Debug */,
				E6D5F10D2B90963600126F6C /* Release */,
			);
			defaultConfigurationIsVisible = 0;
			defaultConfigurationName = Release;
		};
		E6D5F10E2B90963600126F6C /* Build configuration list for PBXNativeTarget "CharacterifyUITests" */ = {
			isa = XCConfigurationList;
			buildConfigurations = (
				E6D5F10F2B90963600126F6C /* Debug */,
				E6D5F1102B90963600126F6C /* Release */,
			);
			defaultConfigurationIsVisible = 0;
			defaultConfigurationName = Release;
		};
/* End XCConfigurationList section */
	};
	rootObject = E6D5F0DC2B90963400126F6C /* Project object */;
}
